// !$*UTF8*$!
{
	archiveVersion = 1;
	classes = {
	};
	objectVersion = 77;
	objects = {

/* Begin PBXBuildFile section */
		7C919C8E2FC56F9D008B2E1F /* LoreKit in Frameworks */ = {isa = PBXBuildFile; productRef = 7C919C8D2FC56F9D008B2E1F /* LoreKit */; };
		7CF48C2C3007AC620087F47F /* WidgetKit.framework in Frameworks */ = {isa = PBXBuildFile; fileRef = 7CF48C2B3007AC620087F47F /* WidgetKit.framework */; };
		7CF48C2E3007AC620087F47F /* SwiftUI.framework in Frameworks */ = {isa = PBXBuildFile; fileRef = 7CF48C2D3007AC620087F47F /* SwiftUI.framework */; };
		CAFE000000000000000000A1 /* EphoemerousWidgetsExtension.appex in Embed Foundation Extensions */ = {isa = PBXBuildFile; fileRef = 7CF48C293007AC620087F47F /* EphoemerousWidgetsExtension.appex */; settings = {ATTRIBUTES = (RemoveHeadersOnCopy, ); }; };
		CAFE000000000000000000A6 /* LoreKit in Frameworks */ = {isa = PBXBuildFile; productRef = CAFE000000000000000000A5 /* LoreKit */; };
		CAFE000000000000000000B1 /* EphoemerousWatch.app in Embed Watch Content */ = {isa = PBXBuildFile; fileRef = 7C1803D6300A4F64004D9B33 /* EphoemerousWatch.app */; settings = {ATTRIBUTES = (RemoveHeadersOnCopy, ); }; };
		CAFE000000000000000000B7 /* LoreKit in Frameworks */ = {isa = PBXBuildFile; productRef = CAFE000000000000000000B6 /* LoreKit */; };
/* End PBXBuildFile section */

/* Begin PBXContainerItemProxy section */
		7C5E79FF2FD17C0700F88416 /* PBXContainerItemProxy */ = {
			isa = PBXContainerItemProxy;
			containerPortal = 7C51B0D52F8F8C2600B39A8A /* Project object */;
			proxyType = 1;
			remoteGlobalIDString = 7C51B0DC2F8F8C2600B39A8A;
			remoteInfo = Ephoemerous;
		};
		CAFE000000000000000000A3 /* PBXContainerItemProxy */ = {
			isa = PBXContainerItemProxy;
			containerPortal = 7C51B0D52F8F8C2600B39A8A /* Project object */;
			proxyType = 1;
			remoteGlobalIDString = 7CF48C283007AC620087F47F;
			remoteInfo = EphoemerousWidgetsExtension;
		};
		CAFE000000000000000000B3 /* PBXContainerItemProxy */ = {
			isa = PBXContainerItemProxy;
			containerPortal = 7C51B0D52F8F8C2600B39A8A /* Project object */;
			proxyType = 1;
			remoteGlobalIDString = 7C1803D5300A4F64004D9B33;
			remoteInfo = EphoemerousWatch;
		};
/* End PBXContainerItemProxy section */

/* Begin PBXCopyFilesBuildPhase section */
		CAFE000000000000000000A2 /* Embed Foundation Extensions */ = {
			isa = PBXCopyFilesBuildPhase;
			buildActionMask = 2147483647;
			dstPath = "";
			dstSubfolderSpec = 13;
			files = (
				CAFE000000000000000000A1 /* EphoemerousWidgetsExtension.appex in Embed Foundation Extensions */,
			);
			name = "Embed Foundation Extensions";
			runOnlyForDeploymentPostprocessing = 0;
		};
		CAFE000000000000000000B2 /* Embed Watch Content */ = {
			isa = PBXCopyFilesBuildPhase;
			buildActionMask = 2147483647;
			dstPath = "$(CONTENTS_FOLDER_PATH)/Watch";
			dstSubfolderSpec = 16;
			files = (
				CAFE000000000000000000B1 /* EphoemerousWatch.app in Embed Watch Content */,
			);
			name = "Embed Watch Content";
			runOnlyForDeploymentPostprocessing = 0;
		};
/* End PBXCopyFilesBuildPhase section */

/* Begin PBXFileReference section */
		7C1803D6300A4F64004D9B33 /* EphoemerousWatch.app */ = {isa = PBXFileReference; explicitFileType = wrapper.application; includeInIndex = 0; path = EphoemerousWatch.app; sourceTree = BUILT_PRODUCTS_DIR; };
		7C51B0DD2F8F8C2600B39A8A /* Ephoemerous.app */ = {isa = PBXFileReference; explicitFileType = wrapper.application; includeInIndex = 0; path = Ephoemerous.app; sourceTree = BUILT_PRODUCTS_DIR; };
		7C5E79FB2FD17C0700F88416 /* EphoemerousTests.xctest */ = {isa = PBXFileReference; explicitFileType = wrapper.cfbundle; includeInIndex = 0; path = EphoemerousTests.xctest; sourceTree = BUILT_PRODUCTS_DIR; };
		7CF48C293007AC620087F47F /* EphoemerousWidgetsExtension.appex */ = {isa = PBXFileReference; explicitFileType = "wrapper.app-extension"; includeInIndex = 0; path = EphoemerousWidgetsExtension.appex; sourceTree = BUILT_PRODUCTS_DIR; };
		7CF48C2B3007AC620087F47F /* WidgetKit.framework */ = {isa = PBXFileReference; lastKnownFileType = wrapper.framework; name = WidgetKit.framework; path = System/Library/Frameworks/WidgetKit.framework; sourceTree = SDKROOT; };
		7CF48C2D3007AC620087F47F /* SwiftUI.framework */ = {isa = PBXFileReference; lastKnownFileType = wrapper.framework; name = SwiftUI.framework; path = System/Library/Frameworks/SwiftUI.framework; sourceTree = SDKROOT; };
/* End PBXFileReference section */

/* Begin PBXFileSystemSynchronizedBuildFileExceptionSet section */
		7C1803DF300A4F64004D9B33 /* Exceptions for "EphoemerousWatch" folder in "EphoemerousWatch" target */ = {
			isa = PBXFileSystemSynchronizedBuildFileExceptionSet;
			membershipExceptions = (
				Info.plist,
			);
			target = 7C1803D5300A4F64004D9B33 /* EphoemerousWatch */;
		};
		7CCEB00F2FA34EBF00012354 /* Exceptions for "Ephoemerous" folder in "Ephoemerous" target */ = {
			isa = PBXFileSystemSynchronizedBuildFileExceptionSet;
			membershipExceptions = (
				Info.plist,
				Localizable.xcstrings,
			);
			target = 7C51B0DC2F8F8C2600B39A8A /* Ephoemerous */;
		};
		7CF48C393007AC630087F47F /* Exceptions for "EphoemerousWidgets" folder in "EphoemerousWidgetsExtension" target */ = {
			isa = PBXFileSystemSynchronizedBuildFileExceptionSet;
			membershipExceptions = (
				Info.plist,
			);
			target = 7CF48C283007AC620087F47F /* EphoemerousWidgetsExtension */;
		};
		CAFE000000000000000000A7 /* Exceptions for "Ephoemerous" folder in "EphoemerousWidgetsExtension" target */ = {
			isa = PBXFileSystemSynchronizedBuildFileExceptionSet;
			membershipExceptions = (
				AppIntents/SkyObjectEntity.swift,
				AppIntents/SkyObjectQuery.swift,
				Assets.xcassets,
				bsc5.json,
				constellationLines.json,
				Model/Bodies/HRClass.swift,
				Model/Bodies/MoonPosition.swift,
				Model/Bodies/Planet.swift,
				Model/Bodies/PlanetPosition.swift,
				Model/Bodies/SkyObject.swift,
				Model/Bodies/Star.swift,
				Model/Bodies/StarKnownData.swift,
				Model/Bodies/StarMultiplicity.swift,
				Model/Bodies/SunPosition.swift,
				Model/Constellations/ConstellationLines.swift,
				Model/Constellations/Constellation.swift,
				Model/Constellations/ZodiacSign.swift,
				Model/JSONModel/StarData.swift,
				Model/JSONModel/StarDatabase.swift,
				Model/Projection/Precession.swift,
				Model/Projection/Projection.swift,
				Model/Projection/SkyCamera.swift,
				Model/Services/FavouritesStore.swift,
				Utilities/EArtist/Artist.swift,
				"Utilities/EArtist/Artist+NamedStars.swift",
				"Utilities/EArtist/Artist+Planets.swift",
				"Utilities/EArtist/Artist+POIStyle.swift",
				"Utilities/EArtist/Artist+POITierThresholds.swift",
				Utilities/EArtist/Palette.swift,
				Utilities/EArtist/POITypes.swift,
				"Utilities/Extensions/Angle+Ext.swift",
				"Utilities/Extensions/SIMD3+Ext.swift",
				Utilities/Resources/AstroConstants.swift,
				Utilities/Resources/Logger.swift,
				Utilities/Resources/Symbol.swift,
				Utilities/Resources/Strings.swift,
				View/ViewComponents/POILabelView.swift,
			);
			target = 7CF48C283007AC620087F47F /* EphoemerousWidgetsExtension */;
		};
		CAFE000000000000000000B5 /* Exceptions for "Ephoemerous" folder in "EphoemerousWatch" target */ = {
			isa = PBXFileSystemSynchronizedBuildFileExceptionSet;
			membershipExceptions = (
				Assets.xcassets,
				bsc5.json,
				constellationLines.json,
				Model/Bodies/HRClass.swift,
				Model/Bodies/MoonPosition.swift,
				Model/Bodies/Planet.swift,
				Model/Bodies/PlanetPosition.swift,
				Model/Bodies/SkyObject.swift,
				Model/Bodies/Star.swift,
				Model/Bodies/StarKnownData.swift,
				Model/Bodies/StarMultiplicity.swift,
				Model/Bodies/SunPosition.swift,
				Model/Constellations/ConstellationLines.swift,
				Model/Constellations/Constellation.swift,
				Model/Constellations/ZodiacSign.swift,
				Model/JSONModel/StarData.swift,
				Model/JSONModel/StarDatabase.swift,
				Model/Projection/Precession.swift,
				Model/Projection/Projection.swift,
				Model/Projection/SkyCamera.swift,
				Model/Services/FavouritesStore.swift,
				Utilities/EArtist/Artist.swift,
				"Utilities/EArtist/Artist+NamedStars.swift",
				"Utilities/EArtist/Artist+Planets.swift",
				"Utilities/EArtist/Artist+POIStyle.swift",
				"Utilities/EArtist/Artist+POITierThresholds.swift",
				Utilities/EArtist/Palette.swift,
				Utilities/EArtist/POITypes.swift,
				"Utilities/Extensions/Angle+Ext.swift",
				"Utilities/Extensions/SIMD3+Ext.swift",
				Utilities/Resources/AstroConstants.swift,
				Utilities/Resources/Logger.swift,
				Utilities/Resources/Symbol.swift,
				Utilities/Resources/Strings.swift,
				View/ViewComponents/POILabelView.swift,
			);
			target = 7C1803D5300A4F64004D9B33 /* EphoemerousWatch */;
		};
		CAFE000000000000000000B8 /* Exceptions for "EphoemerousWidgets" folder in "EphoemerousWatch" target */ = {
			isa = PBXFileSystemSynchronizedBuildFileExceptionSet;
			membershipExceptions = (
				OrlojFace.swift,
			);
			target = 7C1803D5300A4F64004D9B33 /* EphoemerousWatch */;
		};
		CAFE000000000000000000C1 /* Exceptions for "EphoemerousWidgets" folder in "Ephoemerous" target */ = {
			isa = PBXFileSystemSynchronizedBuildFileExceptionSet;
			membershipExceptions = (
				EphoemerousWidgets.swift,
				OrlojFace.swift,
			);
			target = 7C51B0DC2F8F8C2600B39A8A /* Ephoemerous */;
		};
/* End PBXFileSystemSynchronizedBuildFileExceptionSet section */

/* Begin PBXFileSystemSynchronizedGroupBuildPhaseMembershipExceptionSet section */
		7C5E7B902FD184D400F88416 /* Exceptions for "Ephoemerous" folder in "Compile Sources" phase from "Ephoemerous" target */ = {
			isa = PBXFileSystemSynchronizedGroupBuildPhaseMembershipExceptionSet;
			buildPhase = 7C51B0D92F8F8C2600B39A8A /* Sources */;
			membershipExceptions = (
				Localizable.xcstrings,
			);
		};
/* End PBXFileSystemSynchronizedGroupBuildPhaseMembershipExceptionSet section */

/* Begin PBXFileSystemSynchronizedRootGroup section */
		7C1803D7300A4F64004D9B33 /* EphoemerousWatch */ = {
			isa = PBXFileSystemSynchronizedRootGroup;
			exceptions = (
				7C1803DF300A4F64004D9B33 /* Exceptions for "EphoemerousWatch" folder in "EphoemerousWatch" target */,
			);
			path = EphoemerousWatch;
			sourceTree = "<group>";
		};
		7C51B0DF2F8F8C2600B39A8A /* Ephoemerous */ = {
			isa = PBXFileSystemSynchronizedRootGroup;
			exceptions = (
				7CCEB00F2FA34EBF00012354 /* Exceptions for "Ephoemerous" folder in "Ephoemerous" target */,
				7C5E7B902FD184D400F88416 /* Exceptions for "Ephoemerous" folder in "Compile Sources" phase from "Ephoemerous" target */,
				CAFE000000000000000000A7 /* Exceptions for "Ephoemerous" folder in "EphoemerousWidgetsExtension" target */,
				CAFE000000000000000000B5 /* Exceptions for "Ephoemerous" folder in "EphoemerousWatch" target */,
			);
			path = Ephoemerous;
			sourceTree = "<group>";
		};
		7CF48C2F3007AC620087F47F /* EphoemerousWidgets */ = {
			isa = PBXFileSystemSynchronizedRootGroup;
			exceptions = (
				CAFE000000000000000000C1 /* Exceptions for "EphoemerousWidgets" folder in "Ephoemerous" target */,
				7CF48C393007AC630087F47F /* Exceptions for "EphoemerousWidgets" folder in "EphoemerousWidgetsExtension" target */,
				CAFE000000000000000000B8 /* Exceptions for "EphoemerousWidgets" folder in "EphoemerousWatch" target */,
			);
			path = EphoemerousWidgets;
			sourceTree = "<group>";
		};
/* End PBXFileSystemSynchronizedRootGroup section */

/* Begin PBXFrameworksBuildPhase section */
		7C1803D3300A4F64004D9B33 /* Frameworks */ = {
			isa = PBXFrameworksBuildPhase;
			buildActionMask = 2147483647;
			files = (
				CAFE000000000000000000B7 /* LoreKit in Frameworks */,
			);
			runOnlyForDeploymentPostprocessing = 0;
		};
		7C51B0DA2F8F8C2600B39A8A /* Frameworks */ = {
			isa = PBXFrameworksBuildPhase;
			buildActionMask = 2147483647;
			files = (
				7C919C8E2FC56F9D008B2E1F /* LoreKit in Frameworks */,
			);
			runOnlyForDeploymentPostprocessing = 0;
		};
		7C5E79F82FD17C0700F88416 /* Frameworks */ = {
			isa = PBXFrameworksBuildPhase;
			buildActionMask = 2147483647;
			files = (
			);
			runOnlyForDeploymentPostprocessing = 0;
		};
		7CF48C263007AC620087F47F /* Frameworks */ = {
			isa = PBXFrameworksBuildPhase;
			buildActionMask = 2147483647;
			files = (
				7CF48C2E3007AC620087F47F /* SwiftUI.framework in Frameworks */,
				7CF48C2C3007AC620087F47F /* WidgetKit.framework in Frameworks */,
				CAFE000000000000000000A6 /* LoreKit in Frameworks */,
			);
			runOnlyForDeploymentPostprocessing = 0;
		};
/* End PBXFrameworksBuildPhase section */

/* Begin PBXGroup section */
		7C51B0D42F8F8C2600B39A8A = {
			isa = PBXGroup;
			children = (
				7C51B0DF2F8F8C2600B39A8A /* Ephoemerous */,
				7CF48C2F3007AC620087F47F /* EphoemerousWidgets */,
				7C1803D7300A4F64004D9B33 /* EphoemerousWatch */,
				7CF48C2A3007AC620087F47F /* Frameworks */,
				7C51B0DE2F8F8C2600B39A8A /* Products */,
			);
			sourceTree = "<group>";
		};
		7C51B0DE2F8F8C2600B39A8A /* Products */ = {
			isa = PBXGroup;
			children = (
				7C51B0DD2F8F8C2600B39A8A /* Ephoemerous.app */,
				7C5E79FB2FD17C0700F88416 /* EphoemerousTests.xctest */,
				7CF48C293007AC620087F47F /* EphoemerousWidgetsExtension.appex */,
				7C1803D6300A4F64004D9B33 /* EphoemerousWatch.app */,
			);
			name = Products;
			sourceTree = "<group>";
		};
		7CF48C2A3007AC620087F47F /* Frameworks */ = {
			isa = PBXGroup;
			children = (
				7CF48C2B3007AC620087F47F /* WidgetKit.framework */,
				7CF48C2D3007AC620087F47F /* SwiftUI.framework */,
			);
			name = Frameworks;
			sourceTree = "<group>";
		};
/* End PBXGroup section */

/* Begin PBXNativeTarget section */
		7C1803D5300A4F64004D9B33 /* EphoemerousWatch */ = {
			isa = PBXNativeTarget;
			buildConfigurationList = 7C1803E0300A4F64004D9B33 /* Build configuration list for PBXNativeTarget "EphoemerousWatch" */;
			buildPhases = (
				7C1803D2300A4F64004D9B33 /* Sources */,
				7C1803D3300A4F64004D9B33 /* Frameworks */,
				7C1803D4300A4F64004D9B33 /* Resources */,
			);
			buildRules = (
			);
			dependencies = (
			);
			fileSystemSynchronizedGroups = (
				7C1803D7300A4F64004D9B33 /* EphoemerousWatch */,
			);
			name = EphoemerousWatch;
			packageProductDependencies = (
				CAFE000000000000000000B6 /* LoreKit */,
			);
			productName = EphoemerousWatch;
			productReference = 7C1803D6300A4F64004D9B33 /* EphoemerousWatch.app */;
			productType = "com.apple.product-type.application";
		};
		7C51B0DC2F8F8C2600B39A8A /* Ephoemerous */ = {
			isa = PBXNativeTarget;
			buildConfigurationList = 7C51B0E82F8F8C2700B39A8A /* Build configuration list for PBXNativeTarget "Ephoemerous" */;
			buildPhases = (
				7C51B0D92F8F8C2600B39A8A /* Sources */,
				7C51B0DA2F8F8C2600B39A8A /* Frameworks */,
				7C51B0DB2F8F8C2600B39A8A /* Resources */,
				CAFE000000000000000000A2 /* Embed Foundation Extensions */,
				CAFE000000000000000000B2 /* Embed Watch Content */,
			);
			buildRules = (
			);
			dependencies = (
				CAFE000000000000000000A4 /* PBXTargetDependency */,
				CAFE000000000000000000B4 /* PBXTargetDependency */,
			);
			fileSystemSynchronizedGroups = (
				7C51B0DF2F8F8C2600B39A8A /* Ephoemerous */,
			);
			name = Ephoemerous;
			packageProductDependencies = (
				7C919C8D2FC56F9D008B2E1F /* LoreKit */,
			);
			productName = Ephoemerous;
			productReference = 7C51B0DD2F8F8C2600B39A8A /* Ephoemerous.app */;
			productType = "com.apple.product-type.application";
		};
		7C5E79FA2FD17C0700F88416 /* EphoemerousTests */ = {
			isa = PBXNativeTarget;
			buildConfigurationList = 7C5E7A032FD17C0700F88416 /* Build configuration list for PBXNativeTarget "EphoemerousTests" */;
			buildPhases = (
				7C5E79F72FD17C0700F88416 /* Sources */,
				7C5E79F82FD17C0700F88416 /* Frameworks */,
				7C5E79F92FD17C0700F88416 /* Resources */,
			);
			buildRules = (
			);
			dependencies = (
				7C5E7A002FD17C0700F88416 /* PBXTargetDependency */,
			);
			name = EphoemerousTests;
			packageProductDependencies = (
			);
			productName = EphoemerousTests;
			productReference = 7C5E79FB2FD17C0700F88416 /* EphoemerousTests.xctest */;
			productType = "com.apple.product-type.bundle.unit-test";
		};
		7CF48C283007AC620087F47F /* EphoemerousWidgetsExtension */ = {
			isa = PBXNativeTarget;
			buildConfigurationList = 7CF48C3A3007AC630087F47F /* Build configuration list for PBXNativeTarget "EphoemerousWidgetsExtension" */;
			buildPhases = (
				7CF48C253007AC620087F47F /* Sources */,
				7CF48C263007AC620087F47F /* Frameworks */,
				7CF48C273007AC620087F47F /* Resources */,
			);
			buildRules = (
			);
			dependencies = (
			);
			fileSystemSynchronizedGroups = (
				7CF48C2F3007AC620087F47F /* EphoemerousWidgets */,
			);
			name = EphoemerousWidgetsExtension;
			packageProductDependencies = (
				CAFE000000000000000000A5 /* LoreKit */,
			);
			productName = EphoemerousWidgetsExtension;
			productReference = 7CF48C293007AC620087F47F /* EphoemerousWidgetsExtension.appex */;
			productType = "com.apple.product-type.app-extension";
		};
/* End PBXNativeTarget section */

/* Begin PBXProject section */
		7C51B0D52F8F8C2600B39A8A /* Project object */ = {
			isa = PBXProject;
			attributes = {
				BuildIndependentTargetsInParallel = 1;
				LastSwiftUpdateCheck = 2700;
				LastUpgradeCheck = 2700;
				TargetAttributes = {
					7C1803D5300A4F64004D9B33 = {
						CreatedOnToolsVersion = 27.0;
					};
					7C51B0DC2F8F8C2600B39A8A = {
						CreatedOnToolsVersion = 26.4;
					};
					7C5E79FA2FD17C0700F88416 = {
						CreatedOnToolsVersion = 26.4;
						TestTargetID = 7C51B0DC2F8F8C2600B39A8A;
					};
					7CF48C283007AC620087F47F = {
						CreatedOnToolsVersion = 27.0;
					};
				};
			};
			buildConfigurationList = 7C51B0D82F8F8C2600B39A8A /* Build configuration list for PBXProject "Ephoemerous" */;
			developmentRegion = en;
			hasScannedForEncodings = 0;
			knownRegions = (
				en,
				Base,
				it,
			);
			mainGroup = 7C51B0D42F8F8C2600B39A8A;
			minimizedProjectReferenceProxies = 1;
			packageReferences = (
				7C919C8C2FC56F9D008B2E1F /* XCLocalSwiftPackageReference "Packages/LoreKit" */,
			);
			preferredProjectObjectVersion = 77;
			productRefGroup = 7C51B0DE2F8F8C2600B39A8A /* Products */;
			projectDirPath = "";
			projectRoot = "";
			targets = (
				7C51B0DC2F8F8C2600B39A8A /* Ephoemerous */,
				7C5E79FA2FD17C0700F88416 /* EphoemerousTests */,
				7CF48C283007AC620087F47F /* EphoemerousWidgetsExtension */,
				7C1803D5300A4F64004D9B33 /* EphoemerousWatch */,
			);
		};
/* End PBXProject section */

/* Begin PBXResourcesBuildPhase section */
		7C1803D4300A4F64004D9B33 /* Resources */ = {
			isa = PBXResourcesBuildPhase;
			buildActionMask = 2147483647;
			files = (
			);
			runOnlyForDeploymentPostprocessing = 0;
		};
		7C51B0DB2F8F8C2600B39A8A /* Resources */ = {
			isa = PBXResourcesBuildPhase;
			buildActionMask = 2147483647;
			files = (
			);
			runOnlyForDeploymentPostprocessing = 0;
		};
		7C5E79F92FD17C0700F88416 /* Resources */ = {
			isa = PBXResourcesBuildPhase;
			buildActionMask = 2147483647;
			files = (
			);
			runOnlyForDeploymentPostprocessing = 0;
		};
		7CF48C273007AC620087F47F /* Resources */ = {
			isa = PBXResourcesBuildPhase;
			buildActionMask = 2147483647;
			files = (
			);
			runOnlyForDeploymentPostprocessing = 0;
		};
/* End PBXResourcesBuildPhase section */

/* Begin PBXSourcesBuildPhase section */
		7C1803D2300A4F64004D9B33 /* Sources */ = {
			isa = PBXSourcesBuildPhase;
			buildActionMask = 2147483647;
			files = (
			);
			runOnlyForDeploymentPostprocessing = 0;
		};
		7C51B0D92F8F8C2600B39A8A /* Sources */ = {
			isa = PBXSourcesBuildPhase;
			buildActionMask = 2147483647;
			files = (
			);
			runOnlyForDeploymentPostprocessing = 0;
		};
		7C5E79F72FD17C0700F88416 /* Sources */ = {
			isa = PBXSourcesBuildPhase;
			buildActionMask = 2147483647;
			files = (
			);
			runOnlyForDeploymentPostprocessing = 0;
		};
		7CF48C253007AC620087F47F /* Sources */ = {
			isa = PBXSourcesBuildPhase;
			buildActionMask = 2147483647;
			files = (
			);
			runOnlyForDeploymentPostprocessing = 0;
		};
/* End PBXSourcesBuildPhase section */

/* Begin PBXTargetDependency section */
		7C5E7A002FD17C0700F88416 /* PBXTargetDependency */ = {
			isa = PBXTargetDependency;
			target = 7C51B0DC2F8F8C2600B39A8A /* Ephoemerous */;
			targetProxy = 7C5E79FF2FD17C0700F88416 /* PBXContainerItemProxy */;
		};
		CAFE000000000000000000A4 /* PBXTargetDependency */ = {
			isa = PBXTargetDependency;
			target = 7CF48C283007AC620087F47F /* EphoemerousWidgetsExtension */;
			targetProxy = CAFE000000000000000000A3 /* PBXContainerItemProxy */;
		};
		CAFE000000000000000000B4 /* PBXTargetDependency */ = {
			isa = PBXTargetDependency;
			target = 7C1803D5300A4F64004D9B33 /* EphoemerousWatch */;
			targetProxy = CAFE000000000000000000B3 /* PBXContainerItemProxy */;
		};
/* End PBXTargetDependency section */

/* Begin XCBuildConfiguration section */
		7C1803DD300A4F64004D9B33 /* Debug */ = {
			isa = XCBuildConfiguration;
			buildSettings = {
				ASSETCATALOG_COMPILER_APPICON_NAME = AppIcon;
				ASSETCATALOG_COMPILER_GLOBAL_ACCENT_COLOR_NAME = AccentColor;
				CODE_SIGN_STYLE = Automatic;
				CURRENT_PROJECT_VERSION = 10;
				DEVELOPMENT_TEAM = CLM5L23Y57;
				ENABLE_PREVIEWS = YES;
				GENERATE_INFOPLIST_FILE = YES;
				INFOPLIST_FILE = EphoemerousWatch/Info.plist;
				INFOPLIST_KEY_CFBundleDisplayName = Stars;
				INFOPLIST_KEY_NSHumanReadableCopyright = "";
				LD_RUNPATH_SEARCH_PATHS = (
					"$(inherited)",
					"@executable_path/Frameworks",
					"@executable_path/../../Frameworks",
					"@executable_path/../../../../Frameworks",
				);
				MARKETING_VERSION = 1.0.2;
				PRODUCT_BUNDLE_IDENTIFIER = com.lorep.uk.Ephoemerous.watchkitapp;
				PRODUCT_NAME = "$(TARGET_NAME)";
				SDKROOT = watchos;
				SKIP_INSTALL = YES;
				STRING_CATALOG_GENERATE_SYMBOLS = YES;
				SWIFT_APPROACHABLE_CONCURRENCY = YES;
				SWIFT_EMIT_LOC_STRINGS = YES;
				SWIFT_UPCOMING_FEATURE_MEMBER_IMPORT_VISIBILITY = YES;
				SWIFT_VERSION = 5.0;
				TARGETED_DEVICE_FAMILY = 4;
				WATCHOS_DEPLOYMENT_TARGET = 26.0;
			};
			name = Debug;
		};
		7C1803DE300A4F64004D9B33 /* Release */ = {
			isa = XCBuildConfiguration;
			buildSettings = {
				ASSETCATALOG_COMPILER_APPICON_NAME = AppIcon;
				ASSETCATALOG_COMPILER_GLOBAL_ACCENT_COLOR_NAME = AccentColor;
				CODE_SIGN_STYLE = Automatic;
				CURRENT_PROJECT_VERSION = 10;
				DEVELOPMENT_TEAM = CLM5L23Y57;
				ENABLE_PREVIEWS = YES;
				GENERATE_INFOPLIST_FILE = YES;
				INFOPLIST_FILE = EphoemerousWatch/Info.plist;
				INFOPLIST_KEY_CFBundleDisplayName = Stars;
				INFOPLIST_KEY_NSHumanReadableCopyright = "";
				LD_RUNPATH_SEARCH_PATHS = (
					"$(inherited)",
					"@executable_path/Frameworks",
					"@executable_path/../../Frameworks",
					"@executable_path/../../../../Frameworks",
				);
				MARKETING_VERSION = 1.0.2;
				PRODUCT_BUNDLE_IDENTIFIER = com.lorep.uk.Ephoemerous.watchkitapp;
				PRODUCT_NAME = "$(TARGET_NAME)";
				SDKROOT = watchos;
				SKIP_INSTALL = YES;
				STRING_CATALOG_GENERATE_SYMBOLS = YES;
				SWIFT_APPROACHABLE_CONCURRENCY = YES;
				SWIFT_EMIT_LOC_STRINGS = YES;
				SWIFT_UPCOMING_FEATURE_MEMBER_IMPORT_VISIBILITY = YES;
				SWIFT_VERSION = 5.0;
				TARGETED_DEVICE_FAMILY = 4;
				VALIDATE_PRODUCT = YES;
				WATCHOS_DEPLOYMENT_TARGET = 26.0;
			};
			name = Release;
		};
		7C51B0E62F8F8C2700B39A8A /* Debug */ = {
			isa = XCBuildConfiguration;
			buildSettings = {
				ALWAYS_SEARCH_USER_PATHS = NO;
				ASSETCATALOG_COMPILER_GENERATE_SWIFT_ASSET_SYMBOL_EXTENSIONS = YES;
				CLANG_ANALYZER_LOCALIZABILITY_NONLOCALIZED = YES;
				CLANG_ANALYZER_NONNULL = YES;
				CLANG_ANALYZER_NUMBER_OBJECT_CONVERSION = YES_AGGRESSIVE;
				CLANG_CXX_LANGUAGE_STANDARD = "gnu++20";
				CLANG_ENABLE_MODULES = YES;
				CLANG_ENABLE_OBJC_ARC = YES;
				CLANG_ENABLE_OBJC_WEAK = YES;
				CLANG_WARN_BLOCK_CAPTURE_AUTORELEASING = YES;
				CLANG_WARN_BOOL_CONVERSION = YES;
				CLANG_WARN_COMMA = YES;
				CLANG_WARN_CONSTANT_CONVERSION = YES;
				CLANG_WARN_DEPRECATED_OBJC_IMPLEMENTATIONS = YES;
				CLANG_WARN_DIRECT_OBJC_ISA_USAGE = YES_ERROR;
				CLANG_WARN_DOCUMENTATION_COMMENTS = YES;
				CLANG_WARN_EMPTY_BODY = YES;
				CLANG_WARN_ENUM_CONVERSION = YES;
				CLANG_WARN_INFINITE_RECURSION = YES;
				CLANG_WARN_INT_CONVERSION = YES;
				CLANG_WARN_NON_LITERAL_NULL_CONVERSION = YES;
				CLANG_WARN_OBJC_IMPLICIT_RETAIN_SELF = YES;
				CLANG_WARN_OBJC_LITERAL_CONVERSION = YES;
				CLANG_WARN_OBJC_ROOT_CLASS = YES_ERROR;
				CLANG_WARN_QUOTED_INCLUDE_IN_FRAMEWORK_HEADER = YES;
				CLANG_WARN_RANGE_LOOP_ANALYSIS = YES;
				CLANG_WARN_STRICT_PROTOTYPES = YES;
				CLANG_WARN_SUSPICIOUS_MOVE = YES;
				CLANG_WARN_UNGUARDED_AVAILABILITY = YES_AGGRESSIVE;
				CLANG_WARN_UNREACHABLE_CODE = YES;
				CLANG_WARN__DUPLICATE_METHOD_MATCH = YES;
				COPY_PHASE_STRIP = NO;
				DEAD_CODE_STRIPPING = YES;
				DEBUG_INFORMATION_FORMAT = dwarf;
				DEVELOPMENT_TEAM = CLM5L23Y57;
				ENABLE_STRICT_OBJC_MSGSEND = YES;
				ENABLE_TESTABILITY = YES;
				ENABLE_USER_SCRIPT_SANDBOXING = YES;
				GCC_C_LANGUAGE_STANDARD = gnu17;
				GCC_DYNAMIC_NO_PIC = NO;
				GCC_NO_COMMON_BLOCKS = YES;
				GCC_OPTIMIZATION_LEVEL = 0;
				GCC_PREPROCESSOR_DEFINITIONS = (
					"DEBUG=1",
					"$(inherited)",
				);
				GCC_WARN_64_TO_32_BIT_CONVERSION = YES;
				GCC_WARN_ABOUT_RETURN_TYPE = YES_ERROR;
				GCC_WARN_UNDECLARED_SELECTOR = YES;
				GCC_WARN_UNINITIALIZED_AUTOS = YES_AGGRESSIVE;
				GCC_WARN_UNUSED_FUNCTION = YES;
				GCC_WARN_UNUSED_VARIABLE = YES;
				LOCALIZATION_PREFERS_STRING_CATALOGS = YES;
				MTL_ENABLE_DEBUG_INFO = INCLUDE_SOURCE;
				MTL_FAST_MATH = YES;
				ONLY_ACTIVE_ARCH = YES;
				STRING_CATALOG_GENERATE_SYMBOLS = YES;
				SWIFT_ACTIVE_COMPILATION_CONDITIONS = "DEBUG $(inherited)";
				SWIFT_OPTIMIZATION_LEVEL = "-Onone";
			};
			name = Debug;
		};
		7C51B0E72F8F8C2700B39A8A /* Release */ = {
			isa = XCBuildConfiguration;
			buildSettings = {
				ALWAYS_SEARCH_USER_PATHS = NO;
				ASSETCATALOG_COMPILER_GENERATE_SWIFT_ASSET_SYMBOL_EXTENSIONS = YES;
				CLANG_ANALYZER_LOCALIZABILITY_NONLOCALIZED = YES;
				CLANG_ANALYZER_NONNULL = YES;
				CLANG_ANALYZER_NUMBER_OBJECT_CONVERSION = YES_AGGRESSIVE;
				CLANG_CXX_LANGUAGE_STANDARD = "gnu++20";
				CLANG_ENABLE_MODULES = YES;
				CLANG_ENABLE_OBJC_ARC = YES;
				CLANG_ENABLE_OBJC_WEAK = YES;
				CLANG_WARN_BLOCK_CAPTURE_AUTORELEASING = YES;
				CLANG_WARN_BOOL_CONVERSION = YES;
				CLANG_WARN_COMMA = YES;
				CLANG_WARN_CONSTANT_CONVERSION = YES;
				CLANG_WARN_DEPRECATED_OBJC_IMPLEMENTATIONS = YES;
				CLANG_WARN_DIRECT_OBJC_ISA_USAGE = YES_ERROR;
				CLANG_WARN_DOCUMENTATION_COMMENTS = YES;
				CLANG_WARN_EMPTY_BODY = YES;
				CLANG_WARN_ENUM_CONVERSION = YES;
				CLANG_WARN_INFINITE_RECURSION = YES;
				CLANG_WARN_INT_CONVERSION = YES;
				CLANG_WARN_NON_LITERAL_NULL_CONVERSION = YES;
				CLANG_WARN_OBJC_IMPLICIT_RETAIN_SELF = YES;
				CLANG_WARN_OBJC_LITERAL_CONVERSION = YES;
				CLANG_WARN_OBJC_ROOT_CLASS = YES_ERROR;
				CLANG_WARN_QUOTED_INCLUDE_IN_FRAMEWORK_HEADER = YES;
				CLANG_WARN_RANGE_LOOP_ANALYSIS = YES;
				CLANG_WARN_STRICT_PROTOTYPES = YES;
				CLANG_WARN_SUSPICIOUS_MOVE = YES;
				CLANG_WARN_UNGUARDED_AVAILABILITY = YES_AGGRESSIVE;
				CLANG_WARN_UNREACHABLE_CODE = YES;
				CLANG_WARN__DUPLICATE_METHOD_MATCH = YES;
				COPY_PHASE_STRIP = NO;
				DEAD_CODE_STRIPPING = YES;
				DEBUG_INFORMATION_FORMAT = "dwarf-with-dsym";
				DEVELOPMENT_TEAM = CLM5L23Y57;
				ENABLE_NS_ASSERTIONS = NO;
				ENABLE_STRICT_OBJC_MSGSEND = YES;
				ENABLE_USER_SCRIPT_SANDBOXING = YES;
				GCC_C_LANGUAGE_STANDARD = gnu17;
				GCC_NO_COMMON_BLOCKS = YES;
				GCC_WARN_64_TO_32_BIT_CONVERSION = YES;
				GCC_WARN_ABOUT_RETURN_TYPE = YES_ERROR;
				GCC_WARN_UNDECLARED_SELECTOR = YES;
				GCC_WARN_UNINITIALIZED_AUTOS = YES_AGGRESSIVE;
				GCC_WARN_UNUSED_FUNCTION = YES;
				GCC_WARN_UNUSED_VARIABLE = YES;
				LOCALIZATION_PREFERS_STRING_CATALOGS = YES;
				MTL_ENABLE_DEBUG_INFO = NO;
				MTL_FAST_MATH = YES;
				STRING_CATALOG_GENERATE_SYMBOLS = YES;
				SWIFT_COMPILATION_MODE = wholemodule;
			};
			name = Release;
		};
		7C51B0E92F8F8C2700B39A8A /* Debug */ = {
			isa = XCBuildConfiguration;
			buildSettings = {
				ASSETCATALOG_COMPILER_APPICON_NAME = AppIcon;
				ASSETCATALOG_COMPILER_GLOBAL_ACCENT_COLOR_NAME = AccentColor;
				CODE_SIGN_ENTITLEMENTS = Ephoemerous/Ephoemerous.entitlements;
				CODE_SIGN_STYLE = Automatic;
				CURRENT_PROJECT_VERSION = 10;
				DEAD_CODE_STRIPPING = YES;
				DEVELOPMENT_TEAM = CLM5L23Y57;
				ENABLE_APP_SANDBOX = YES;
				ENABLE_HARDENED_RUNTIME = YES;
				ENABLE_INCOMING_NETWORK_CONNECTIONS = NO;
				ENABLE_OUTGOING_NETWORK_CONNECTIONS = YES;
				ENABLE_PREVIEWS = YES;
				ENABLE_RESOURCE_ACCESS_AUDIO_INPUT = NO;
				ENABLE_RESOURCE_ACCESS_BLUETOOTH = NO;
				ENABLE_RESOURCE_ACCESS_CALENDARS = NO;
				ENABLE_RESOURCE_ACCESS_CAMERA = NO;
				ENABLE_RESOURCE_ACCESS_CONTACTS = NO;
				ENABLE_RESOURCE_ACCESS_LOCATION = NO;
				ENABLE_RESOURCE_ACCESS_PRINTING = NO;
				ENABLE_RESOURCE_ACCESS_USB = NO;
				ENABLE_USER_SELECTED_FILES = readonly;
				GENERATE_INFOPLIST_FILE = YES;
				INFOPLIST_FILE = Ephoemerous/Info.plist;
				INFOPLIST_KEY_CFBundleDisplayName = Stars;
				INFOPLIST_KEY_LSApplicationCategoryType = "public.app-category.education";
				INFOPLIST_KEY_NSLocationWhenInUseUsageDescription = "So we can display the true horizon";
				INFOPLIST_KEY_NSMotionUsageDescription = "For a cute parallax effect";
				"INFOPLIST_KEY_UIApplicationSceneManifest_Generation[sdk=iphoneos*]" = YES;
				"INFOPLIST_KEY_UIApplicationSceneManifest_Generation[sdk=iphonesimulator*]" = YES;
				"INFOPLIST_KEY_UIApplicationSupportsIndirectInputEvents[sdk=iphoneos*]" = YES;
				"INFOPLIST_KEY_UIApplicationSupportsIndirectInputEvents[sdk=iphonesimulator*]" = YES;
				"INFOPLIST_KEY_UILaunchScreen_Generation[sdk=iphoneos*]" = YES;
				"INFOPLIST_KEY_UILaunchScreen_Generation[sdk=iphonesimulator*]" = YES;
				INFOPLIST_KEY_UIStatusBarHidden = YES;
				"INFOPLIST_KEY_UIStatusBarStyle[sdk=iphoneos*]" = UIStatusBarStyleDefault;
				"INFOPLIST_KEY_UIStatusBarStyle[sdk=iphonesimulator*]" = UIStatusBarStyleDefault;
				INFOPLIST_KEY_UISupportedInterfaceOrientations = UIInterfaceOrientationPortrait;
				INFOPLIST_KEY_UISupportedInterfaceOrientations_iPad = "UIInterfaceOrientationLandscapeLeft UIInterfaceOrientationLandscapeRight UIInterfaceOrientationPortrait UIInterfaceOrientationPortraitUpsideDown";
				IPHONEOS_DEPLOYMENT_TARGET = 26.4;
				LD_RUNPATH_SEARCH_PATHS = "@executable_path/Frameworks";
				"LD_RUNPATH_SEARCH_PATHS[sdk=macosx*]" = "@executable_path/../Frameworks";
				MACOSX_DEPLOYMENT_TARGET = 26.4;
				MARKETING_VERSION = 1.0.2;
				PRODUCT_BUNDLE_IDENTIFIER = com.lorep.uk.Ephoemerous;
				PRODUCT_NAME = "$(TARGET_NAME)";
				REGISTER_APP_GROUPS = YES;
				SDKROOT = auto;
				STRING_CATALOG_GENERATE_SYMBOLS = NO;
				SUPPORTED_PLATFORMS = "iphoneos iphonesimulator";
				SUPPORTS_MACCATALYST = NO;
				SUPPORTS_MAC_DESIGNED_FOR_IPHONE_IPAD = NO;
				SWIFT_APPROACHABLE_CONCURRENCY = YES;
				SWIFT_DEFAULT_ACTOR_ISOLATION = MainActor;
				SWIFT_EMIT_LOC_STRINGS = YES;
				SWIFT_UPCOMING_FEATURE_MEMBER_IMPORT_VISIBILITY = YES;
				SWIFT_VERSION = 5.0;
				TARGETED_DEVICE_FAMILY = "1,2";
				XROS_DEPLOYMENT_TARGET = 26.4;
			};
			name = Debug;
		};
		7C51B0EA2F8F8C2700B39A8A /* Release */ = {
			isa = XCBuildConfiguration;
			buildSettings = {
				ASSETCATALOG_COMPILER_APPICON_NAME = AppIcon;
				ASSETCATALOG_COMPILER_GLOBAL_ACCENT_COLOR_NAME = AccentColor;
				CODE_SIGN_ENTITLEMENTS = Ephoemerous/Ephoemerous.entitlements;
				CODE_SIGN_STYLE = Automatic;
				CURRENT_PROJECT_VERSION = 10;
				DEAD_CODE_STRIPPING = YES;
				DEVELOPMENT_TEAM = CLM5L23Y57;
				ENABLE_APP_SANDBOX = YES;
				ENABLE_HARDENED_RUNTIME = YES;
				ENABLE_INCOMING_NETWORK_CONNECTIONS = NO;
				ENABLE_OUTGOING_NETWORK_CONNECTIONS = YES;
				ENABLE_PREVIEWS = YES;
				ENABLE_RESOURCE_ACCESS_AUDIO_INPUT = NO;
				ENABLE_RESOURCE_ACCESS_BLUETOOTH = NO;
				ENABLE_RESOURCE_ACCESS_CALENDARS = NO;
				ENABLE_RESOURCE_ACCESS_CAMERA = NO;
				ENABLE_RESOURCE_ACCESS_CONTACTS = NO;
				ENABLE_RESOURCE_ACCESS_LOCATION = NO;
				ENABLE_RESOURCE_ACCESS_PRINTING = NO;
				ENABLE_RESOURCE_ACCESS_USB = NO;
				ENABLE_USER_SELECTED_FILES = readonly;
				GENERATE_INFOPLIST_FILE = YES;
				INFOPLIST_FILE = Ephoemerous/Info.plist;
				INFOPLIST_KEY_CFBundleDisplayName = Stars;
				INFOPLIST_KEY_LSApplicationCategoryType = "public.app-category.education";
				INFOPLIST_KEY_NSLocationWhenInUseUsageDescription = "So we can display the true horizon";
				INFOPLIST_KEY_NSMotionUsageDescription = "For a cute parallax effect";
				"INFOPLIST_KEY_UIApplicationSceneManifest_Generation[sdk=iphoneos*]" = YES;
				"INFOPLIST_KEY_UIApplicationSceneManifest_Generation[sdk=iphonesimulator*]" = YES;
				"INFOPLIST_KEY_UIApplicationSupportsIndirectInputEvents[sdk=iphoneos*]" = YES;
				"INFOPLIST_KEY_UIApplicationSupportsIndirectInputEvents[sdk=iphonesimulator*]" = YES;
				"INFOPLIST_KEY_UILaunchScreen_Generation[sdk=iphoneos*]" = YES;
				"INFOPLIST_KEY_UILaunchScreen_Generation[sdk=iphonesimulator*]" = YES;
				INFOPLIST_KEY_UIStatusBarHidden = YES;
				"INFOPLIST_KEY_UIStatusBarStyle[sdk=iphoneos*]" = UIStatusBarStyleDefault;
				"INFOPLIST_KEY_UIStatusBarStyle[sdk=iphonesimulator*]" = UIStatusBarStyleDefault;
				INFOPLIST_KEY_UISupportedInterfaceOrientations = UIInterfaceOrientationPortrait;
				INFOPLIST_KEY_UISupportedInterfaceOrientations_iPad = "UIInterfaceOrientationLandscapeLeft UIInterfaceOrientationLandscapeRight UIInterfaceOrientationPortrait UIInterfaceOrientationPortraitUpsideDown";
				IPHONEOS_DEPLOYMENT_TARGET = 26.4;
				LD_RUNPATH_SEARCH_PATHS = "@executable_path/Frameworks";
				"LD_RUNPATH_SEARCH_PATHS[sdk=macosx*]" = "@executable_path/../Frameworks";
				MACOSX_DEPLOYMENT_TARGET = 26.4;
				MARKETING_VERSION = 1.0.2;
				PRODUCT_BUNDLE_IDENTIFIER = com.lorep.uk.Ephoemerous;
				PRODUCT_NAME = "$(TARGET_NAME)";
				REGISTER_APP_GROUPS = YES;
				SDKROOT = auto;
				STRING_CATALOG_GENERATE_SYMBOLS = NO;
				SUPPORTED_PLATFORMS = "iphoneos iphonesimulator";
				SUPPORTS_MACCATALYST = NO;
				SUPPORTS_MAC_DESIGNED_FOR_IPHONE_IPAD = NO;
				SWIFT_APPROACHABLE_CONCURRENCY = YES;
				SWIFT_DEFAULT_ACTOR_ISOLATION = MainActor;
				SWIFT_EMIT_LOC_STRINGS = YES;
				SWIFT_UPCOMING_FEATURE_MEMBER_IMPORT_VISIBILITY = YES;
				SWIFT_VERSION = 5.0;
				TARGETED_DEVICE_FAMILY = "1,2";
				XROS_DEPLOYMENT_TARGET = 26.4;
			};
			name = Release;
		};
		7C5E7A012FD17C0700F88416 /* Debug */ = {
			isa = XCBuildConfiguration;
			buildSettings = {
				BUNDLE_LOADER = "$(TEST_HOST)";
				CODE_SIGN_STYLE = Automatic;
				CURRENT_PROJECT_VERSION = 1;
				DEAD_CODE_STRIPPING = YES;
				DEVELOPMENT_TEAM = CLM5L23Y57;
				GENERATE_INFOPLIST_FILE = YES;
				IPHONEOS_DEPLOYMENT_TARGET = 26.4;
				MACOSX_DEPLOYMENT_TARGET = 26.4;
				MARKETING_VERSION = 1.0;
				PRODUCT_BUNDLE_IDENTIFIER = com.lorep.uk.EphoemerousTests;
				PRODUCT_NAME = "$(TARGET_NAME)";
				SDKROOT = auto;
				STRING_CATALOG_GENERATE_SYMBOLS = NO;
				SUPPORTED_PLATFORMS = "iphoneos iphonesimulator macosx xros xrsimulator";
				SWIFT_APPROACHABLE_CONCURRENCY = YES;
				SWIFT_EMIT_LOC_STRINGS = NO;
				SWIFT_UPCOMING_FEATURE_MEMBER_IMPORT_VISIBILITY = YES;
				SWIFT_VERSION = 5.0;
				TARGETED_DEVICE_FAMILY = "1,2,7";
				TEST_HOST = "$(BUILT_PRODUCTS_DIR)/Ephoemerous.app/$(BUNDLE_EXECUTABLE_FOLDER_PATH)/Ephoemerous";
				XROS_DEPLOYMENT_TARGET = 26.4;
			};
			name = Debug;
		};
		7C5E7A022FD17C0700F88416 /* Release */ = {
			isa = XCBuildConfiguration;
			buildSettings = {
				BUNDLE_LOADER = "$(TEST_HOST)";
				CODE_SIGN_STYLE = Automatic;
				CURRENT_PROJECT_VERSION = 1;
				DEAD_CODE_STRIPPING = YES;
				DEVELOPMENT_TEAM = CLM5L23Y57;
				GENERATE_INFOPLIST_FILE = YES;
				IPHONEOS_DEPLOYMENT_TARGET = 26.4;
				MACOSX_DEPLOYMENT_TARGET = 26.4;
				MARKETING_VERSION = 1.0;
				PRODUCT_BUNDLE_IDENTIFIER = com.lorep.uk.EphoemerousTests;
				PRODUCT_NAME = "$(TARGET_NAME)";
				SDKROOT = auto;
				STRING_CATALOG_GENERATE_SYMBOLS = NO;
				SUPPORTED_PLATFORMS = "iphoneos iphonesimulator macosx xros xrsimulator";
				SWIFT_APPROACHABLE_CONCURRENCY = YES;
				SWIFT_EMIT_LOC_STRINGS = NO;
				SWIFT_UPCOMING_FEATURE_MEMBER_IMPORT_VISIBILITY = YES;
				SWIFT_VERSION = 5.0;
				TARGETED_DEVICE_FAMILY = "1,2,7";
				TEST_HOST = "$(BUILT_PRODUCTS_DIR)/Ephoemerous.app/$(BUNDLE_EXECUTABLE_FOLDER_PATH)/Ephoemerous";
				XROS_DEPLOYMENT_TARGET = 26.4;
			};
			name = Release;
		};
		7CF48C373007AC630087F47F /* Debug */ = {
			isa = XCBuildConfiguration;
			buildSettings = {
				ASSETCATALOG_COMPILER_GLOBAL_ACCENT_COLOR_NAME = AccentColor;
				CODE_SIGN_ENTITLEMENTS = EphoemerousWidgets/EphoemerousWidgets.entitlements;
				CODE_SIGN_STYLE = Automatic;
				CURRENT_PROJECT_VERSION = 10;
				DEVELOPMENT_TEAM = CLM5L23Y57;
				GENERATE_INFOPLIST_FILE = YES;
				INFOPLIST_FILE = EphoemerousWidgets/Info.plist;
				INFOPLIST_KEY_CFBundleDisplayName = Ephoemerous;
				INFOPLIST_KEY_NSHumanReadableCopyright = "";
				IPHONEOS_DEPLOYMENT_TARGET = 26.4;
				LD_RUNPATH_SEARCH_PATHS = (
					"$(inherited)",
					"@executable_path/Frameworks",
					"@executable_path/../../Frameworks",
					"@executable_path/../../../../Frameworks",
				);
				MARKETING_VERSION = 1.0.2;
				PRODUCT_BUNDLE_IDENTIFIER = com.lorep.uk.Ephoemerous.Widgets;
				PRODUCT_NAME = "$(TARGET_NAME)";
				SDKROOT = iphoneos;
				SKIP_INSTALL = YES;
				STRING_CATALOG_GENERATE_SYMBOLS = YES;
				SWIFT_APPROACHABLE_CONCURRENCY = YES;
				SWIFT_EMIT_LOC_STRINGS = YES;
				SWIFT_UPCOMING_FEATURE_MEMBER_IMPORT_VISIBILITY = YES;
				SWIFT_VERSION = 5.0;
				TARGETED_DEVICE_FAMILY = "1,2";
			};
			name = Debug;
		};
		7CF48C383007AC630087F47F /* Release */ = {
			isa = XCBuildConfiguration;
			buildSettings = {
				ASSETCATALOG_COMPILER_GLOBAL_ACCENT_COLOR_NAME = AccentColor;
				CODE_SIGN_ENTITLEMENTS = EphoemerousWidgets/EphoemerousWidgets.entitlements;
				CODE_SIGN_STYLE = Automatic;
				CURRENT_PROJECT_VERSION = 10;
				DEVELOPMENT_TEAM = CLM5L23Y57;
				GENERATE_INFOPLIST_FILE = YES;
				INFOPLIST_FILE = EphoemerousWidgets/Info.plist;
				INFOPLIST_KEY_CFBundleDisplayName = Ephoemerous;
				INFOPLIST_KEY_NSHumanReadableCopyright = "";
				IPHONEOS_DEPLOYMENT_TARGET = 26.4;
				LD_RUNPATH_SEARCH_PATHS = (
					"$(inherited)",
					"@executable_path/Frameworks",
					"@executable_path/../../Frameworks",
					"@executable_path/../../../../Frameworks",
				);
				MARKETING_VERSION = 1.0.2;
				PRODUCT_BUNDLE_IDENTIFIER = com.lorep.uk.Ephoemerous.Widgets;
				PRODUCT_NAME = "$(TARGET_NAME)";
				SDKROOT = iphoneos;
				SKIP_INSTALL = YES;
				STRING_CATALOG_GENERATE_SYMBOLS = YES;
				SWIFT_APPROACHABLE_CONCURRENCY = YES;
				SWIFT_EMIT_LOC_STRINGS = YES;
				SWIFT_UPCOMING_FEATURE_MEMBER_IMPORT_VISIBILITY = YES;
				SWIFT_VERSION = 5.0;
				TARGETED_DEVICE_FAMILY = "1,2";
				VALIDATE_PRODUCT = YES;
			};
			name = Release;
		};
/* End XCBuildConfiguration section */

/* Begin XCConfigurationList section */
		7C1803E0300A4F64004D9B33 /* Build configuration list for PBXNativeTarget "EphoemerousWatch" */ = {
			isa = XCConfigurationList;
			buildConfigurations = (
				7C1803DD300A4F64004D9B33 /* Debug */,
				7C1803DE300A4F64004D9B33 /* Release */,
			);
			defaultConfigurationIsVisible = 0;
			defaultConfigurationName = Release;
		};
		7C51B0D82F8F8C2600B39A8A /* Build configuration list for PBXProject "Ephoemerous" */ = {
			isa = XCConfigurationList;
			buildConfigurations = (
				7C51B0E62F8F8C2700B39A8A /* Debug */,
				7C51B0E72F8F8C2700B39A8A /* Release */,
			);
			defaultConfigurationIsVisible = 0;
			defaultConfigurationName = Release;
		};
		7C51B0E82F8F8C2700B39A8A /* Build configuration list for PBXNativeTarget "Ephoemerous" */ = {
			isa = XCConfigurationList;
			buildConfigurations = (
				7C51B0E92F8F8C2700B39A8A /* Debug */,
				7C51B0EA2F8F8C2700B39A8A /* Release */,
			);
			defaultConfigurationIsVisible = 0;
			defaultConfigurationName = Release;
		};
		7C5E7A032FD17C0700F88416 /* Build configuration list for PBXNativeTarget "EphoemerousTests" */ = {
			isa = XCConfigurationList;
			buildConfigurations = (
				7C5E7A012FD17C0700F88416 /* Debug */,
				7C5E7A022FD17C0700F88416 /* Release */,
			);
			defaultConfigurationIsVisible = 0;
			defaultConfigurationName = Release;
		};
		7CF48C3A3007AC630087F47F /* Build configuration list for PBXNativeTarget "EphoemerousWidgetsExtension" */ = {
			isa = XCConfigurationList;
			buildConfigurations = (
				7CF48C373007AC630087F47F /* Debug */,
				7CF48C383007AC630087F47F /* Release */,
			);
			defaultConfigurationIsVisible = 0;
			defaultConfigurationName = Release;
		};
/* End XCConfigurationList section */

/* Begin XCLocalSwiftPackageReference section */
		7C919C8C2FC56F9D008B2E1F /* XCLocalSwiftPackageReference "Packages/LoreKit" */ = {
			isa = XCLocalSwiftPackageReference;
			relativePath = Packages/LoreKit;
		};
/* End XCLocalSwiftPackageReference section */

/* Begin XCSwiftPackageProductDependency section */
		7C919C8D2FC56F9D008B2E1F /* LoreKit */ = {
			isa = XCSwiftPackageProductDependency;
			productName = LoreKit;
		};
		CAFE000000000000000000A5 /* LoreKit */ = {
			isa = XCSwiftPackageProductDependency;
			productName = LoreKit;
		};
		CAFE000000000000000000B6 /* LoreKit */ = {
			isa = XCSwiftPackageProductDependency;
			productName = LoreKit;
		};
/* End XCSwiftPackageProductDependency section */
	};
	rootObject = 7C51B0D52F8F8C2600B39A8A /* Project object */;
}
